// !$*UTF8*$!
{
	archiveVersion = 1;
	classes = {
	};
	objectVersion = 77;
	objects = {

/* Begin PBXBuildFile section */
		98EE84242CAE954A00FDCF0C /* Core in Frameworks */ = {isa = PBXBuildFile; productRef = 98EE84232CAE954A00FDCF0C /* Core */; };
		98EE84272CAEA6BC00FDCF0C /* Searcher in Frameworks */ = {isa = PBXBuildFile; productRef = 98EE84262CAEA6BC00FDCF0C /* Searcher */; };
/* End PBXBuildFile section */

/* Begin PBXContainerItemProxy section */
		98EE84032CAE77D800FDCF0C /* PBXContainerItemProxy */ = {
			isa = PBXContainerItemProxy;
			containerPortal = 98EE83EA2CAE77D000FDCF0C /* Project object */;
			proxyType = 1;
			remoteGlobalIDString = 98EE83F12CAE77D000FDCF0C;
			remoteInfo = ClaraAssignment;
		};
		98EE840D2CAE77D800FDCF0C /* PBXContainerItemProxy */ = {
			isa = PBXContainerItemProxy;
			containerPortal = 98EE83EA2CAE77D000FDCF0C /* Project object */;
			proxyType = 1;
			remoteGlobalIDString = 98EE83F12CAE77D000FDCF0C;
			remoteInfo = ClaraAssignment;
		};
/* End PBXContainerItemProxy section */

/* Begin PBXFileReference section */
		98EE83F22CAE77D000FDCF0C /* ClaraAssignment.app */ = {isa = PBXFileReference; explicitFileType = wrapper.application; includeInIndex = 0; path = ClaraAssignment.app; sourceTree = BUILT_PRODUCTS_DIR; };
		98EE84022CAE77D800FDCF0C /* ClaraAssignmentTests.xctest */ = {isa = PBXFileReference; explicitFileType = wrapper.cfbundle; includeInIndex = 0; path = ClaraAssignmentTests.xctest; sourceTree = BUILT_PRODUCTS_DIR; };
		98EE840C2CAE77D800FDCF0C /* ClaraAssignmentUITests.xctest */ = {isa = PBXFileReference; explicitFileType = wrapper.cfbundle; includeInIndex = 0; path = ClaraAssignmentUITests.xctest; sourceTree = BUILT_PRODUCTS_DIR; };
/* End PBXFileReference section */

/* Begin PBXFileSystemSynchronizedBuildFileExceptionSet section */
		98EE84212CAE7EE800FDCF0C /* Exceptions for "ClaraAssignment" folder in "ClaraAssignment" target */ = {
			isa = PBXFileSystemSynchronizedBuildFileExceptionSet;
			membershipExceptions = (
				Packages/Core,
				Packages/Searcher,
			);
			target = 98EE83F12CAE77D000FDCF0C /* ClaraAssignment */;
		};
/* End PBXFileSystemSynchronizedBuildFileExceptionSet section */

/* Begin PBXFileSystemSynchronizedRootGroup section */
		98EE83F42CAE77D000FDCF0C /* ClaraAssignment */ = {
			isa = PBXFileSystemSynchronizedRootGroup;
			exceptions = (
				98EE84212CAE7EE800FDCF0C /* Exceptions for "ClaraAssignment" folder in "ClaraAssignment" target */,
			);
			path = ClaraAssignment;
			sourceTree = "<group>";
		};
		98EE84052CAE77D800FDCF0C /* ClaraAssignmentTests */ = {
			isa = PBXFileSystemSynchronizedRootGroup;
			path = ClaraAssignmentTests;
			sourceTree = "<group>";
		};
		98EE840F2CAE77D800FDCF0C /* ClaraAssignmentUITests */ = {
			isa = PBXFileSystemSynchronizedRootGroup;
			path = ClaraAssignmentUITests;
			sourceTree = "<group>";
		};
/* End PBXFileSystemSynchronizedRootGroup section */

/* Begin PBXFrameworksBuildPhase section */
		98EE83EF2CAE77D000FDCF0C /* Frameworks */ = {
			isa = PBXFrameworksBuildPhase;
			buildActionMask = 2147483647;
			files = (
				98EE84242CAE954A00FDCF0C /* Core in Frameworks */,
				98EE84272CAEA6BC00FDCF0C /* Searcher in Frameworks */,
			);
			runOnlyForDeploymentPostprocessing = 0;
		};
		98EE83FF2CAE77D800FDCF0C /* Frameworks */ = {
			isa = PBXFrameworksBuildPhase;
			buildActionMask = 2147483647;
			files = (
			);
			runOnlyForDeploymentPostprocessing = 0;
		};
		98EE84092CAE77D800FDCF0C /* Frameworks */ = {
			isa = PBXFrameworksBuildPhase;
			buildActionMask = 2147483647;
			files = (
			);
			runOnlyForDeploymentPostprocessing = 0;
		};
/* End PBXFrameworksBuildPhase section */

/* Begin PBXGroup section */
		98EE83E92CAE77D000FDCF0C = {
			isa = PBXGroup;
			children = (
				98EE83F42CAE77D000FDCF0C /* ClaraAssignment */,
				98EE84052CAE77D800FDCF0C /* ClaraAssignmentTests */,
				98EE840F2CAE77D800FDCF0C /* ClaraAssignmentUITests */,
				98EE84222CAE954A00FDCF0C /* Frameworks */,
				98EE83F32CAE77D000FDCF0C /* Products */,
			);
			sourceTree = "<group>";
		};
		98EE83F32CAE77D000FDCF0C /* Products */ = {
			isa = PBXGroup;
			children = (
				98EE83F22CAE77D000FDCF0C /* ClaraAssignment.app */,
				98EE84022CAE77D800FDCF0C /* ClaraAssignmentTests.xctest */,
				98EE840C2CAE77D800FDCF0C /* ClaraAssignmentUITests.xctest */,
			);
			name = Products;
			sourceTree = "<group>";
		};
		98EE84222CAE954A00FDCF0C /* Frameworks */ = {
			isa = PBXGroup;
			children = (
			);
			name = Frameworks;
			sourceTree = "<group>";
		};
/* End PBXGroup section */

/* Begin PBXNativeTarget section */
		98EE83F12CAE77D000FDCF0C /* ClaraAssignment */ = {
			isa = PBXNativeTarget;
			buildConfigurationList = 98EE84162CAE77D800FDCF0C /* Build configuration list for PBXNativeTarget "ClaraAssignment" */;
			buildPhases = (
				98EE83EE2CAE77D000FDCF0C /* Sources */,
				98EE83EF2CAE77D000FDCF0C /* Frameworks */,
				98EE83F02CAE77D000FDCF0C /* Resources */,
			);
			buildRules = (
			);
			dependencies = (
			);
			fileSystemSynchronizedGroups = (
				98EE83F42CAE77D000FDCF0C /* ClaraAssignment */,
			);
			name = ClaraAssignment;
			packageProductDependencies = (
				98EE84232CAE954A00FDCF0C /* Core */,
				98EE84262CAEA6BC00FDCF0C /* Searcher */,
			);
			productName = ClaraAssignment;
			productReference = 98EE83F22CAE77D000FDCF0C /* ClaraAssignment.app */;
			productType = "com.apple.product-type.application";
		};
		98EE84012CAE77D800FDCF0C /* ClaraAssignmentTests */ = {
			isa = PBXNativeTarget;
			buildConfigurationList = 98EE84192CAE77D800FDCF0C /* Build configuration list for PBXNativeTarget "ClaraAssignmentTests" */;
			buildPhases = (
				98EE83FE2CAE77D800FDCF0C /* Sources */,
				98EE83FF2CAE77D800FDCF0C /* Frameworks */,
				98EE84002CAE77D800FDCF0C /* Resources */,
			);
			buildRules = (
			);
			dependencies = (
				98EE84042CAE77D800FDCF0C /* PBXTargetDependency */,
			);
			fileSystemSynchronizedGroups = (
				98EE84052CAE77D800FDCF0C /* ClaraAssignmentTests */,
			);
			name = ClaraAssignmentTests;
			packageProductDependencies = (
			);
			productName = ClaraAssignmentTests;
			productReference = 98EE84022CAE77D800FDCF0C /* ClaraAssignmentTests.xctest */;
			productType = "com.apple.product-type.bundle.unit-test";
		};
		98EE840B2CAE77D800FDCF0C /* ClaraAssignmentUITests */ = {
			isa = PBXNativeTarget;
			buildConfigurationList = 98EE841C2CAE77D800FDCF0C /* Build configuration list for PBXNativeTarget "ClaraAssignmentUITests" */;
			buildPhases = (
				98EE84082CAE77D800FDCF0C /* Sources */,
				98EE84092CAE77D800FDCF0C /* Frameworks */,
				98EE840A2CAE77D800FDCF0C /* Resources */,
			);
			buildRules = (
			);
			dependencies = (
				98EE840E2CAE77D800FDCF0C /* PBXTargetDependency */,
			);
			fileSystemSynchronizedGroups = (
				98EE840F2CAE77D800FDCF0C /* ClaraAssignmentUITests */,
			);
			name = ClaraAssignmentUITests;
			packageProductDependencies = (
			);
			productName = ClaraAssignmentUITests;
			productReference = 98EE840C2CAE77D800FDCF0C /* ClaraAssignmentUITests.xctest */;
			productType = "com.apple.product-type.bundle.ui-testing";
		};
/* End PBXNativeTarget section */

/* Begin PBXProject section */
		98EE83EA2CAE77D000FDCF0C /* Project object */ = {
			isa = PBXProject;
			attributes = {
				BuildIndependentTargetsInParallel = 1;
				LastSwiftUpdateCheck = 1600;
				LastUpgradeCheck = 1600;
				TargetAttributes = {
					98EE83F12CAE77D000FDCF0C = {
						CreatedOnToolsVersion = 16.0;
					};
					98EE84012CAE77D800FDCF0C = {
						CreatedOnToolsVersion = 16.0;
						TestTargetID = 98EE83F12CAE77D000FDCF0C;
					};
					98EE840B2CAE77D800FDCF0C = {
						CreatedOnToolsVersion = 16.0;
						TestTargetID = 98EE83F12CAE77D000FDCF0C;
					};
				};
			};
			buildConfigurationList = 98EE83ED2CAE77D000FDCF0C /* Build configuration list for PBXProject "ClaraAssignment" */;
			developmentRegion = en;
			hasScannedForEncodings = 0;
			knownRegions = (
				en,
				Base,
			);
			mainGroup = 98EE83E92CAE77D000FDCF0C;
			minimizedProjectReferenceProxies = 1;
			preferredProjectObjectVersion = 77;
			productRefGroup = 98EE83F32CAE77D000FDCF0C /* Products */;
			projectDirPath = "";
			projectRoot = "";
			targets = (
				98EE83F12CAE77D000FDCF0C /* ClaraAssignment */,
				98EE84012CAE77D800FDCF0C /* ClaraAssignmentTests */,
				98EE840B2CAE77D800FDCF0C /* ClaraAssignmentUITests */,
			);
		};
/* End PBXProject section */

/* Begin PBXResourcesBuildPhase section */
		98EE83F02CAE77D000FDCF0C /* Resources */ = {
			isa = PBXResourcesBuildPhase;
			buildActionMask = 2147483647;
			files = (
			);
			runOnlyForDeploymentPostprocessing = 0;
		};
		98EE84002CAE77D800FDCF0C /* Resources */ = {
			isa = PBXResourcesBuildPhase;
			buildActionMask = 2147483647;
			files = (
			);
			runOnlyForDeploymentPostprocessing = 0;
		};
		98EE840A2CAE77D800FDCF0C /* Resources */ = {
			isa = PBXResourcesBuildPhase;
			buildActionMask = 2147483647;
			files = (
			);
			runOnlyForDeploymentPostprocessing = 0;
		};
/* End PBXResourcesBuildPhase section */

/* Begin PBXSourcesBuildPhase section */
		98EE83EE2CAE77D000FDCF0C /* Sources */ = {
			isa = PBXSourcesBuildPhase;
			buildActionMask = 2147483647;
			files = (
			);
			runOnlyForDeploymentPostprocessing = 0;
		};
		98EE83FE2CAE77D800FDCF0C /* Sources */ = {
			isa = PBXSourcesBuildPhase;
			buildActionMask = 2147483647;
			files = (
			);
			runOnlyForDeploymentPostprocessing = 0;
		};
		98EE84082CAE77D800FDCF0C /* Sources */ = {
			isa = PBXSourcesBuildPhase;
			buildActionMask = 2147483647;
			files = (
			);
			runOnlyForDeploymentPostprocessing = 0;
		};
/* End PBXSourcesBuildPhase section */

/* Begin PBXTargetDependency section */
		98EE84042CAE77D800FDCF0C /* PBXTargetDependency */ = {
			isa = PBXTargetDependency;
			target = 98EE83F12CAE77D000FDCF0C /* ClaraAssignment */;
			targetProxy = 98EE84032CAE77D800FDCF0C /* PBXContainerItemProxy */;
		};
		98EE840E2CAE77D800FDCF0C /* PBXTargetDependency */ = {
			isa = PBXTargetDependency;
			target = 98EE83F12CAE77D000FDCF0C /* ClaraAssignment */;
			targetProxy = 98EE840D2CAE77D800FDCF0C /* PBXContainerItemProxy */;
		};
/* End PBXTargetDependency section */

/* Begin XCBuildConfiguration section */
		98EE84142CAE77D800FDCF0C /* Debug */ = {
			isa = XCBuildConfiguration;
			buildSettings = {
				ALWAYS_SEARCH_USER_PATHS = NO;
				ASSETCATALOG_COMPILER_GENERATE_SWIFT_ASSET_SYMBOL_EXTENSIONS = YES;
				CLANG_ANALYZER_NONNULL = YES;
				CLANG_ANALYZER_NUMBER_OBJECT_CONVERSION = YES_AGGRESSIVE;
				CLANG_CXX_LANGUAGE_STANDARD = "gnu++20";
				CLANG_ENABLE_MODULES = YES;
				CLANG_ENABLE_OBJC_ARC = YES;
				CLANG_ENABLE_OBJC_WEAK = YES;
				CLANG_WARN_BLOCK_CAPTURE_AUTORELEASING = YES;
				CLANG_WARN_BOOL_CONVERSION = YES;
				CLANG_WARN_COMMA = YES;
				CLANG_WARN_CONSTANT_CONVERSION = YES;
				CLANG_WARN_DEPRECATED_OBJC_IMPLEMENTATIONS = YES;
				CLANG_WARN_DIRECT_OBJC_ISA_USAGE = YES_ERROR;
				CLANG_WARN_DOCUMENTATION_COMMENTS = YES;
				CLANG_WARN_EMPTY_BODY = YES;
				CLANG_WARN_ENUM_CONVERSION = YES;
				CLANG_WARN_INFINITE_RECURSION = YES;
				CLANG_WARN_INT_CONVERSION = YES;
				CLANG_WARN_NON_LITERAL_NULL_CONVERSION = YES;
				CLANG_WARN_OBJC_IMPLICIT_RETAIN_SELF = YES;
				CLANG_WARN_OBJC_LITERAL_CONVERSION = YES;
				CLANG_WARN_OBJC_ROOT_CLASS = YES_ERROR;
				CLANG_WARN_QUOTED_INCLUDE_IN_FRAMEWORK_HEADER = YES;
				CLANG_WARN_RANGE_LOOP_ANALYSIS = YES;
				CLANG_WARN_STRICT_PROTOTYPES = YES;
				CLANG_WARN_SUSPICIOUS_MOVE = YES;
				CLANG_WARN_UNGUARDED_AVAILABILITY = YES_AGGRESSIVE;
				CLANG_WARN_UNREACHABLE_CODE = YES;
				CLANG_WARN__DUPLICATE_METHOD_MATCH = YES;
				COPY_PHASE_STRIP = NO;
				DEBUG_INFORMATION_FORMAT = dwarf;
				ENABLE_STRICT_OBJC_MSGSEND = YES;
				ENABLE_TESTABILITY = YES;
				ENABLE_USER_SCRIPT_SANDBOXING = YES;
				GCC_C_LANGUAGE_STANDARD = gnu17;
				GCC_DYNAMIC_NO_PIC = NO;
				GCC_NO_COMMON_BLOCKS = YES;
				GCC_OPTIMIZATION_LEVEL = 0;
				GCC_PREPROCESSOR_DEFINITIONS = (
					"DEBUG=1",
					"$(inherited)",
				);
				GCC_WARN_64_TO_32_BIT_CONVERSION = YES;
				GCC_WARN_ABOUT_RETURN_TYPE = YES_ERROR;
				GCC_WARN_UNDECLARED_SELECTOR = YES;
				GCC_WARN_UNINITIALIZED_AUTOS = YES_AGGRESSIVE;
				GCC_WARN_UNUSED_FUNCTION = YES;
				GCC_WARN_UNUSED_VARIABLE = YES;
				IPHONEOS_DEPLOYMENT_TARGET = 18.0;
				LOCALIZATION_PREFERS_STRING_CATALOGS = YES;
				MTL_ENABLE_DEBUG_INFO = INCLUDE_SOURCE;
				MTL_FAST_MATH = YES;
				ONLY_ACTIVE_ARCH = YES;
				SDKROOT = iphoneos;
				SWIFT_ACTIVE_COMPILATION_CONDITIONS = "DEBUG $(inherited)";
				SWIFT_OPTIMIZATION_LEVEL = "-Onone";
			};
			name = Debug;
		};
		98EE84152CAE77D800FDCF0C /* Release */ = {
			isa = XCBuildConfiguration;
			buildSettings = {
				ALWAYS_SEARCH_USER_PATHS = NO;
				ASSETCATALOG_COMPILER_GENERATE_SWIFT_ASSET_SYMBOL_EXTENSIONS = YES;
				CLANG_ANALYZER_NONNULL = YES;
				CLANG_ANALYZER_NUMBER_OBJECT_CONVERSION = YES_AGGRESSIVE;
				CLANG_CXX_LANGUAGE_STANDARD = "gnu++20";
				CLANG_ENABLE_MODULES = YES;
				CLANG_ENABLE_OBJC_ARC = YES;
				CLANG_ENABLE_OBJC_WEAK = YES;
				CLANG_WARN_BLOCK_CAPTURE_AUTORELEASING = YES;
				CLANG_WARN_BOOL_CONVERSION = YES;
				CLANG_WARN_COMMA = YES;
				CLANG_WARN_CONSTANT_CONVERSION = YES;
				CLANG_WARN_DEPRECATED_OBJC_IMPLEMENTATIONS = YES;
				CLANG_WARN_DIRECT_OBJC_ISA_USAGE = YES_ERROR;
				CLANG_WARN_DOCUMENTATION_COMMENTS = YES;
				CLANG_WARN_EMPTY_BODY = YES;
				CLANG_WARN_ENUM_CONVERSION = YES;
				CLANG_WARN_INFINITE_RECURSION = YES;
				CLANG_WARN_INT_CONVERSION = YES;
				CLANG_WARN_NON_LITERAL_NULL_CONVERSION = YES;
				CLANG_WARN_OBJC_IMPLICIT_RETAIN_SELF = YES;
				CLANG_WARN_OBJC_LITERAL_CONVERSION = YES;
				CLANG_WARN_OBJC_ROOT_CLASS = YES_ERROR;
				CLANG_WARN_QUOTED_INCLUDE_IN_FRAMEWORK_HEADER = YES;
				CLANG_WARN_RANGE_LOOP_ANALYSIS = YES;
				CLANG_WARN_STRICT_PROTOTYPES = YES;
				CLANG_WARN_SUSPICIOUS_MOVE = YES;
				CLANG_WARN_UNGUARDED_AVAILABILITY = YES_AGGRESSIVE;
				CLANG_WARN_UNREACHABLE_CODE = YES;
				CLANG_WARN__DUPLICATE_METHOD_MATCH = YES;
				COPY_PHASE_STRIP = NO;
				DEBUG_INFORMATION_FORMAT = "dwarf-with-dsym";
				ENABLE_NS_ASSERTIONS = NO;
				ENABLE_STRICT_OBJC_MSGSEND = YES;
				ENABLE_USER_SCRIPT_SANDBOXING = YES;
				GCC_C_LANGUAGE_STANDARD = gnu17;
				GCC_NO_COMMON_BLOCKS = YES;
				GCC_WARN_64_TO_32_BIT_CONVERSION = YES;
				GCC_WARN_ABOUT_RETURN_TYPE = YES_ERROR;
				GCC_WARN_UNDECLARED_SELECTOR = YES;
				GCC_WARN_UNINITIALIZED_AUTOS = YES_AGGRESSIVE;
				GCC_WARN_UNUSED_FUNCTION = YES;
				GCC_WARN_UNUSED_VARIABLE = YES;
				IPHONEOS_DEPLOYMENT_TARGET = 18.0;
				LOCALIZATION_PREFERS_STRING_CATALOGS = YES;
				MTL_ENABLE_DEBUG_INFO = NO;
				MTL_FAST_MATH = YES;
				SDKROOT = iphoneos;
				SWIFT_COMPILATION_MODE = wholemodule;
				VALIDATE_PRODUCT = YES;
			};
			name = Release;
		};
		98EE84172CAE77D800FDCF0C /* Debug */ = {
			isa = XCBuildConfiguration;
			buildSettings = {
				ASSETCATALOG_COMPILER_APPICON_NAME = AppIcon;
				ASSETCATALOG_COMPILER_GLOBAL_ACCENT_COLOR_NAME = AccentColor;
				CODE_SIGN_STYLE = Automatic;
				CURRENT_PROJECT_VERSION = 1;
				DEVELOPMENT_ASSET_PATHS = "";
				DEVELOPMENT_TEAM = SA7Q3R4XR9;
				ENABLE_PREVIEWS = YES;
				GENERATE_INFOPLIST_FILE = YES;
				INFOPLIST_KEY_UIApplicationSceneManifest_Generation = YES;
				INFOPLIST_KEY_UIApplicationSupportsIndirectInputEvents = YES;
				INFOPLIST_KEY_UILaunchScreen_Generation = YES;
				INFOPLIST_KEY_UISupportedInterfaceOrientations_iPad = "UIInterfaceOrientationPortrait UIInterfaceOrientationPortraitUpsideDown UIInterfaceOrientationLandscapeLeft UIInterfaceOrientationLandscapeRight";
				INFOPLIST_KEY_UISupportedInterfaceOrientations_iPhone = "UIInterfaceOrientationPortrait UIInterfaceOrientationLandscapeLeft UIInterfaceOrientationLandscapeRight";
				IPHONEOS_DEPLOYMENT_TARGET = 15.0;
				LD_RUNPATH_SEARCH_PATHS = (
					"$(inherited)",
					"@executable_path/Frameworks",
				);
				MARKETING_VERSION = 1.0;
				PRODUCT_BUNDLE_IDENTIFIER = IGN.ClaraAssignment;
				PRODUCT_NAME = "$(TARGET_NAME)";
				SWIFT_EMIT_LOC_STRINGS = YES;
				SWIFT_VERSION = 5.0;
				TARGETED_DEVICE_FAMILY = "1,2";
			};
			name = Debug;
		};
		98EE84182CAE77D800FDCF0C /* Release */ = {
			isa = XCBuildConfiguration;
			buildSettings = {
				ASSETCATALOG_COMPILER_APPICON_NAME = AppIcon;
				ASSETCATALOG_COMPILER_GLOBAL_ACCENT_COLOR_NAME = AccentColor;
				CODE_SIGN_STYLE = Automatic;
				CURRENT_PROJECT_VERSION = 1;
				DEVELOPMENT_ASSET_PATHS = "";
				DEVELOPMENT_TEAM = SA7Q3R4XR9;
				ENABLE_PREVIEWS = YES;
				GENERATE_INFOPLIST_FILE = YES;
				INFOPLIST_KEY_UIApplicationSceneManifest_Generation = YES;
				INFOPLIST_KEY_UIApplicationSupportsIndirectInputEvents = YES;
				INFOPLIST_KEY_UILaunchScreen_Generation = YES;
				INFOPLIST_KEY_UISupportedInterfaceOrientations_iPad = "UIInterfaceOrientationPortrait UIInterfaceOrientationPortraitUpsideDown UIInterfaceOrientationLandscapeLeft UIInterfaceOrientationLandscapeRight";
				INFOPLIST_KEY_UISupportedInterfaceOrientations_iPhone = "UIInterfaceOrientationPortrait UIInterfaceOrientationLandscapeLeft UIInterfaceOrientationLandscapeRight";
				IPHONEOS_DEPLOYMENT_TARGET = 15.0;
				LD_RUNPATH_SEARCH_PATHS = (
					"$(inherited)",
					"@executable_path/Frameworks",
				);
				MARKETING_VERSION = 1.0;
				PRODUCT_BUNDLE_IDENTIFIER = IGN.ClaraAssignment;
				PRODUCT_NAME = "$(TARGET_NAME)";
				SWIFT_EMIT_LOC_STRINGS = YES;
				SWIFT_VERSION = 5.0;
				TARGETED_DEVICE_FAMILY = "1,2";
			};
			name = Release;
		};
		98EE841A2CAE77D800FDCF0C /* Debug */ = {
			isa = XCBuildConfiguration;
			buildSettings = {
				BUNDLE_LOADER = "$(TEST_HOST)";
				CODE_SIGN_STYLE = Automatic;
				CURRENT_PROJECT_VERSION = 1;
				DEVELOPMENT_TEAM = SA7Q3R4XR9;
				GENERATE_INFOPLIST_FILE = YES;
				IPHONEOS_DEPLOYMENT_TARGET = 18.0;
				MARKETING_VERSION = 1.0;
				PRODUCT_BUNDLE_IDENTIFIER = IGN.ClaraAssignmentTests;
				PRODUCT_NAME = "$(TARGET_NAME)";
				SWIFT_EMIT_LOC_STRINGS = NO;
				SWIFT_VERSION = 5.0;
				TARGETED_DEVICE_FAMILY = "1,2";
				TEST_HOST = "$(BUILT_PRODUCTS_DIR)/ClaraAssignment.app/$(BUNDLE_EXECUTABLE_FOLDER_PATH)/ClaraAssignment";
			};
			name = Debug;
		};
		98EE841B2CAE77D800FDCF0C /* Release */ = {
			isa = XCBuildConfiguration;
			buildSettings = {
				BUNDLE_LOADER = "$(TEST_HOST)";
				CODE_SIGN_STYLE = Automatic;
				CURRENT_PROJECT_VERSION = 1;
				DEVELOPMENT_TEAM = SA7Q3R4XR9;
				GENERATE_INFOPLIST_FILE = YES;
				IPHONEOS_DEPLOYMENT_TARGET = 18.0;
				MARKETING_VERSION = 1.0;
				PRODUCT_BUNDLE_IDENTIFIER = IGN.ClaraAssignmentTests;
				PRODUCT_NAME = "$(TARGET_NAME)";
				SWIFT_EMIT_LOC_STRINGS = NO;
				SWIFT_VERSION = 5.0;
				TARGETED_DEVICE_FAMILY = "1,2";
				TEST_HOST = "$(BUILT_PRODUCTS_DIR)/ClaraAssignment.app/$(BUNDLE_EXECUTABLE_FOLDER_PATH)/ClaraAssignment";
			};
			name = Release;
		};
		98EE841D2CAE77D800FDCF0C /* Debug */ = {
			isa = XCBuildConfiguration;
			buildSettings = {
				CODE_SIGN_STYLE = Automatic;
				CURRENT_PROJECT_VERSION = 1;
				DEVELOPMENT_TEAM = SA7Q3R4XR9;
				GENERATE_INFOPLIST_FILE = YES;
				MARKETING_VERSION = 1.0;
				PRODUCT_BUNDLE_IDENTIFIER = IGN.ClaraAssignmentUITests;
				PRODUCT_NAME = "$(TARGET_NAME)";
				SWIFT_EMIT_LOC_STRINGS = NO;
				SWIFT_VERSION = 5.0;
				TARGETED_DEVICE_FAMILY = "1,2";
				TEST_TARGET_NAME = ClaraAssignment;
			};
			name = Debug;
		};
		98EE841E2CAE77D800FDCF0C /* Release */ = {
			isa = XCBuildConfiguration;
			buildSettings = {
				CODE_SIGN_STYLE = Automatic;
				CURRENT_PROJECT_VERSION = 1;
				DEVELOPMENT_TEAM = SA7Q3R4XR9;
				GENERATE_INFOPLIST_FILE = YES;
				MARKETING_VERSION = 1.0;
				PRODUCT_BUNDLE_IDENTIFIER = IGN.ClaraAssignmentUITests;
				PRODUCT_NAME = "$(TARGET_NAME)";
				SWIFT_EMIT_LOC_STRINGS = NO;
				SWIFT_VERSION = 5.0;
				TARGETED_DEVICE_FAMILY = "1,2";
				TEST_TARGET_NAME = ClaraAssignment;
			};
			name = Release;
		};
/* End XCBuildConfiguration section */

/* Begin XCConfigurationList section */
		98EE83ED2CAE77D000FDCF0C /* Build configuration list for PBXProject "ClaraAssignment" */ = {
			isa = XCConfigurationList;
			buildConfigurations = (
				98EE84142CAE77D800FDCF0C /* Debug */,
				98EE84152CAE77D800FDCF0C /* Release */,
			);
			defaultConfigurationIsVisible = 0;
			defaultConfigurationName = Release;
		};
		98EE84162CAE77D800FDCF0C /* Build configuration list for PBXNativeTarget "ClaraAssignment" */ = {
			isa = XCConfigurationList;
			buildConfigurations = (
				98EE84172CAE77D800FDCF0C /* Debug */,
				98EE84182CAE77D800FDCF0C /* Release */,
			);
			defaultConfigurationIsVisible = 0;
			defaultConfigurationName = Release;
		};
		98EE84192CAE77D800FDCF0C /* Build configuration list for PBXNativeTarget "ClaraAssignmentTests" */ = {
			isa = XCConfigurationList;
			buildConfigurations = (
				98EE841A2CAE77D800FDCF0C /* Debug */,
				98EE841B2CAE77D800FDCF0C /* Release */,
			);
			defaultConfigurationIsVisible = 0;
			defaultConfigurationName = Release;
		};
		98EE841C2CAE77D800FDCF0C /* Build configuration list for PBXNativeTarget "ClaraAssignmentUITests" */ = {
			isa = XCConfigurationList;
			buildConfigurations = (
				98EE841D2CAE77D800FDCF0C /* Debug */,
				98EE841E2CAE77D800FDCF0C /* Release */,
			);
			defaultConfigurationIsVisible = 0;
			defaultConfigurationName = Release;
		};
/* End XCConfigurationList section */

/* Begin XCSwiftPackageProductDependency section */
		98EE84232CAE954A00FDCF0C /* Core */ = {
			isa = XCSwiftPackageProductDependency;
			productName = Core;
		};
		98EE84262CAEA6BC00FDCF0C /* Searcher */ = {
			isa = XCSwiftPackageProductDependency;
			productName = Searcher;
		};
/* End XCSwiftPackageProductDependency section */
	};
	rootObject = 98EE83EA2CAE77D000FDCF0C /* Project object */;
}
